// !$*UTF8*$!
{
	archiveVersion = 1;
	classes = {
	};
	objectVersion = 46;
	objects = {

/* Begin PBXBuildFile section */
		C0039F82190805DF006A70CE /* app_icon@2x.png in Resources */ = {isa = PBXBuildFile; fileRef = C0039F81190805DF006A70CE /* app_icon@2x.png */; };
		C006F9A71907F5FE009C14E1 /* MainMenu.xib in Resources */ = {isa = PBXBuildFile; fileRef = C036C7A51907C7FE002E8AB9 /* MainMenu.xib */; };
		C036C7911907C7FE002E8AB9 /* Cocoa.framework in Frameworks */ = {isa = PBXBuildFile; fileRef = C036C7901907C7FE002E8AB9 /* Cocoa.framework */; };
		C036C79B1907C7FE002E8AB9 /* InfoPlist.strings in Resources */ = {isa = PBXBuildFile; fileRef = C036C7991907C7FE002E8AB9 /* InfoPlist.strings */; };
		C036C79D1907C7FE002E8AB9 /* main.m in Sources */ = {isa = PBXBuildFile; fileRef = C036C79C1907C7FE002E8AB9 /* main.m */; };
		C036C7A11907C7FE002E8AB9 /* Credits.rtf in Resources */ = {isa = PBXBuildFile; fileRef = C036C79F1907C7FE002E8AB9 /* Credits.rtf */; };
		C036C7A41907C7FE002E8AB9 /* AppDelegate.m in Sources */ = {isa = PBXBuildFile; fileRef = C036C7A31907C7FE002E8AB9 /* AppDelegate.m */; };
		C036C7A91907C7FE002E8AB9 /* Images.xcassets in Resources */ = {isa = PBXBuildFile; fileRef = C036C7A81907C7FE002E8AB9 /* Images.xcassets */; };
		C036C7C81907DD94002E8AB9 /* menu_icon.png in Resources */ = {isa = PBXBuildFile; fileRef = C036C7C71907DD94002E8AB9 /* menu_icon.png */; };
/* End PBXBuildFile section */

/* Begin PBXFileReference section */
		C0039F81190805DF006A70CE /* app_icon@2x.png */ = {isa = PBXFileReference; lastKnownFileType = image.png; path = "app_icon@2x.png"; sourceTree = "<group>"; };
		C036C78D1907C7FE002E8AB9 /* ezject.app */ = {isa = PBXFileReference; explicitFileType = wrapper.application; includeInIndex = 0; path = ezject.app; sourceTree = BUILT_PRODUCTS_DIR; };
		C036C7901907C7FE002E8AB9 /* Cocoa.framework */ = {isa = PBXFileReference; lastKnownFileType = wrapper.framework; name = Cocoa.framework; path = System/Library/Frameworks/Cocoa.framework; sourceTree = SDKROOT; };
		C036C7931907C7FE002E8AB9 /* AppKit.framework */ = {isa = PBXFileReference; lastKnownFileType = wrapper.framework; name = AppKit.framework; path = System/Library/Frameworks/AppKit.framework; sourceTree = SDKROOT; };
		C036C7941907C7FE002E8AB9 /* CoreData.framework */ = {isa = PBXFileReference; lastKnownFileType = wrapper.framework; name = CoreData.framework; path = System/Library/Frameworks/CoreData.framework; sourceTree = SDKROOT; };
		C036C7951907C7FE002E8AB9 /* Foundation.framework */ = {isa = PBXFileReference; lastKnownFileType = wrapper.framework; name = Foundation.framework; path = System/Library/Frameworks/Foundation.framework; sourceTree = SDKROOT; };
		C036C7981907C7FE002E8AB9 /* ezject-Info.plist */ = {isa = PBXFileReference; lastKnownFileType = text.plist.xml; path = "ezject-Info.plist"; sourceTree = "<group>"; };
		C036C79A1907C7FE002E8AB9 /* en */ = {isa = PBXFileReference; lastKnownFileType = text.plist.strings; name = en; path = en.lproj/InfoPlist.strings; sourceTree = "<group>"; };
		C036C79C1907C7FE002E8AB9 /* main.m */ = {isa = PBXFileReference; lastKnownFileType = sourcecode.c.objc; path = main.m; sourceTree = "<group>"; };
		C036C79E1907C7FE002E8AB9 /* ezject-Prefix.pch */ = {isa = PBXFileReference; lastKnownFileType = sourcecode.c.h; path = "ezject-Prefix.pch"; sourceTree = "<group>"; };
		C036C7A01907C7FE002E8AB9 /* en */ = {isa = PBXFileReference; lastKnownFileType = text.rtf; name = en; path = en.lproj/Credits.rtf; sourceTree = "<group>"; };
		C036C7A21907C7FE002E8AB9 /* AppDelegate.h */ = {isa = PBXFileReference; lastKnownFileType = sourcecode.c.h; path = AppDelegate.h; sourceTree = "<group>"; };
		C036C7A31907C7FE002E8AB9 /* AppDelegate.m */ = {isa = PBXFileReference; lastKnownFileType = sourcecode.c.objc; path = AppDelegate.m; sourceTree = "<group>"; };
		C036C7A61907C7FE002E8AB9 /* Base */ = {isa = PBXFileReference; lastKnownFileType = file.xib; name = Base; path = Base.lproj/MainMenu.xib; sourceTree = "<group>"; };
		C036C7A81907C7FE002E8AB9 /* Images.xcassets */ = {isa = PBXFileReference; lastKnownFileType = folder.assetcatalog; path = Images.xcassets; sourceTree = "<group>"; };
		C036C7AF1907C7FE002E8AB9 /* XCTest.framework */ = {isa = PBXFileReference; lastKnownFileType = wrapper.framework; name = XCTest.framework; path = Library/Frameworks/XCTest.framework; sourceTree = DEVELOPER_DIR; };
		C036C7C71907DD94002E8AB9 /* menu_icon.png */ = {isa = PBXFileReference; lastKnownFileType = image.png; path = menu_icon.png; sourceTree = "<group>"; };
/* End PBXFileReference section */

/* Begin PBXFrameworksBuildPhase section */
		C036C78A1907C7FE002E8AB9 /* Frameworks */ = {
			isa = PBXFrameworksBuildPhase;
			buildActionMask = 2147483647;
			files = (
				C036C7911907C7FE002E8AB9 /* Cocoa.framework in Frameworks */,
			);
			runOnlyForDeploymentPostprocessing = 0;
		};
/* End PBXFrameworksBuildPhase section */

/* Begin PBXGroup section */
		C036C7841907C7FE002E8AB9 = {
			isa = PBXGroup;
			children = (
				C036C7961907C7FE002E8AB9 /* ezject */,
				C036C78F1907C7FE002E8AB9 /* Frameworks */,
				C036C78E1907C7FE002E8AB9 /* Products */,
			);
			sourceTree = "<group>";
		};
		C036C78E1907C7FE002E8AB9 /* Products */ = {
			isa = PBXGroup;
			children = (
				C036C78D1907C7FE002E8AB9 /* ezject.app */,
			);
			name = Products;
			sourceTree = "<group>";
		};
		C036C78F1907C7FE002E8AB9 /* Frameworks */ = {
			isa = PBXGroup;
			children = (
				C036C7901907C7FE002E8AB9 /* Cocoa.framework */,
				C036C7AF1907C7FE002E8AB9 /* XCTest.framework */,
				C036C7921907C7FE002E8AB9 /* Other Frameworks */,
			);
			name = Frameworks;
			sourceTree = "<group>";
		};
		C036C7921907C7FE002E8AB9 /* Other Frameworks */ = {
			isa = PBXGroup;
			children = (
				C036C7931907C7FE002E8AB9 /* AppKit.framework */,
				C036C7941907C7FE002E8AB9 /* CoreData.framework */,
				C036C7951907C7FE002E8AB9 /* Foundation.framework */,
			);
			name = "Other Frameworks";
			sourceTree = "<group>";
		};
		C036C7961907C7FE002E8AB9 /* ezject */ = {
			isa = PBXGroup;
			children = (
				C036C7A21907C7FE002E8AB9 /* AppDelegate.h */,
				C036C7A31907C7FE002E8AB9 /* AppDelegate.m */,
				C036C7A51907C7FE002E8AB9 /* MainMenu.xib */,
				C036C7A81907C7FE002E8AB9 /* Images.xcassets */,
				C036C7971907C7FE002E8AB9 /* Supporting Files */,
			);
			path = ezject;
			sourceTree = "<group>";
		};
		C036C7971907C7FE002E8AB9 /* Supporting Files */ = {
			isa = PBXGroup;
			children = (
				C0039F81190805DF006A70CE /* app_icon@2x.png */,
				C036C7C71907DD94002E8AB9 /* menu_icon.png */,
				C036C7981907C7FE002E8AB9 /* ezject-Info.plist */,
				C036C7991907C7FE002E8AB9 /* InfoPlist.strings */,
				C036C79C1907C7FE002E8AB9 /* main.m */,
				C036C79E1907C7FE002E8AB9 /* ezject-Prefix.pch */,
				C036C79F1907C7FE002E8AB9 /* Credits.rtf */,
			);
			name = "Supporting Files";
			sourceTree = "<group>";
		};
/* End PBXGroup section */

/* Begin PBXNativeTarget section */
		C036C78C1907C7FE002E8AB9 /* ezject */ = {
			isa = PBXNativeTarget;
			buildConfigurationList = C036C7BE1907C7FE002E8AB9 /* Build configuration list for PBXNativeTarget "ezject" */;
			buildPhases = (
				C036C7891907C7FE002E8AB9 /* Sources */,
				C036C78A1907C7FE002E8AB9 /* Frameworks */,
				C036C78B1907C7FE002E8AB9 /* Resources */,
			);
			buildRules = (
			);
			dependencies = (
			);
			name = ezject;
			productName = ezject;
			productReference = C036C78D1907C7FE002E8AB9 /* ezject.app */;
			productType = "com.apple.product-type.application";
		};
/* End PBXNativeTarget section */

/* Begin PBXProject section */
		C036C7851907C7FE002E8AB9 /* Project object */ = {
			isa = PBXProject;
			attributes = {
				CLASSPREFIX = Ezject;
				LastUpgradeCheck = 0510;
				ORGANIZATIONNAME = tfunato;
			};
			buildConfigurationList = C036C7881907C7FE002E8AB9 /* Build configuration list for PBXProject "ezject" */;
			compatibilityVersion = "Xcode 3.2";
			developmentRegion = English;
			hasScannedForEncodings = 0;
			knownRegions = (
				en,
				Base,
			);
			mainGroup = C036C7841907C7FE002E8AB9;
			productRefGroup = C036C78E1907C7FE002E8AB9 /* Products */;
			projectDirPath = "";
			projectRoot = "";
			targets = (
				C036C78C1907C7FE002E8AB9 /* ezject */,
			);
		};
/* End PBXProject section */

/* Begin PBXResourcesBuildPhase section */
		C036C78B1907C7FE002E8AB9 /* Resources */ = {
			isa = PBXResourcesBuildPhase;
			buildActionMask = 2147483647;
			files = (
				C006F9A71907F5FE009C14E1 /* MainMenu.xib in Resources */,
				C0039F82190805DF006A70CE /* app_icon@2x.png in Resources */,
				C036C79B1907C7FE002E8AB9 /* InfoPlist.strings in Resources */,
				C036C7A91907C7FE002E8AB9 /* Images.xcassets in Resources */,
				C036C7A11907C7FE002E8AB9 /* Credits.rtf in Resources */,
				C036C7C81907DD94002E8AB9 /* menu_icon.png in Resources */,
			);
			runOnlyForDeploymentPostprocessing = 0;
		};
/* End PBXResourcesBuildPhase section */

/* Begin PBXSourcesBuildPhase section */
		C036C7891907C7FE002E8AB9 /* Sources */ = {
			isa = PBXSourcesBuildPhase;
			buildActionMask = 2147483647;
			files = (
				C036C79D1907C7FE002E8AB9 /* main.m in Sources */,
				C036C7A41907C7FE002E8AB9 /* AppDelegate.m in Sources */,
			);
			runOnlyForDeploymentPostprocessing = 0;
		};
/* End PBXSourcesBuildPhase section */

/* Begin PBXVariantGroup section */
		C036C7991907C7FE002E8AB9 /* InfoPlist.strings */ = {
			isa = PBXVariantGroup;
			children = (
				C036C79A1907C7FE002E8AB9 /* en */,
			);
			name = InfoPlist.strings;
			sourceTree = "<group>";
		};
		C036C79F1907C7FE002E8AB9 /* Credits.rtf */ = {
			isa = PBXVariantGroup;
			children = (
				C036C7A01907C7FE002E8AB9 /* en */,
			);
			name = Credits.rtf;
			sourceTree = "<group>";
		};
		C036C7A51907C7FE002E8AB9 /* MainMenu.xib */ = {
			isa = PBXVariantGroup;
			children = (
				C036C7A61907C7FE002E8AB9 /* Base */,
			);
			name = MainMenu.xib;
			sourceTree = "<group>";
		};
/* End PBXVariantGroup section */

/* Begin XCBuildConfiguration section */
		C036C7BC1907C7FE002E8AB9 /* Debug */ = {
			isa = XCBuildConfiguration;
			buildSettings = {
				ALWAYS_SEARCH_USER_PATHS = NO;
				CLANG_CXX_LANGUAGE_STANDARD = "gnu++0x";
				CLANG_CXX_LIBRARY = "libc++";
				CLANG_ENABLE_MODULES = YES;
				CLANG_ENABLE_OBJC_ARC = YES;
				CLANG_WARN_BOOL_CONVERSION = YES;
				CLANG_WARN_CONSTANT_CONVERSION = YES;
				CLANG_WARN_DIRECT_OBJC_ISA_USAGE = YES_ERROR;
				CLANG_WARN_EMPTY_BODY = YES;
				CLANG_WARN_ENUM_CONVERSION = YES;
				CLANG_WARN_INT_CONVERSION = YES;
				CLANG_WARN_OBJC_ROOT_CLASS = YES_ERROR;
				CLANG_WARN__DUPLICATE_METHOD_MATCH = YES;
				COPY_PHASE_STRIP = NO;
				ENABLE_NS_ASSERTIONS = NO;
				GCC_C_LANGUAGE_STANDARD = gnu99;
				GCC_DYNAMIC_NO_PIC = NO;
				GCC_ENABLE_OBJC_EXCEPTIONS = YES;
				GCC_OPTIMIZATION_LEVEL = 0;
				GCC_PREPROCESSOR_DEFINITIONS = (
					"DEBUG=1",
					"$(inherited)",
				);
				GCC_SYMBOLS_PRIVATE_EXTERN = NO;
				GCC_WARN_64_TO_32_BIT_CONVERSION = YES;
				GCC_WARN_ABOUT_RETURN_TYPE = YES_ERROR;
				GCC_WARN_UNDECLARED_SELECTOR = YES;
				GCC_WARN_UNINITIALIZED_AUTOS = YES_AGGRESSIVE;
				GCC_WARN_UNUSED_FUNCTION = YES;
				GCC_WARN_UNUSED_VARIABLE = YES;
				MACOSX_DEPLOYMENT_TARGET = 10.9;
				ONLY_ACTIVE_ARCH = NO;
				SDKROOT = macosx;
			};
			name = Debug;
		};
		C036C7BD1907C7FE002E8AB9 /* Release */ = {
			isa = XCBuildConfiguration;
			buildSettings = {
				ALWAYS_SEARCH_USER_PATHS = NO;
				CLANG_CXX_LANGUAGE_STANDARD = "gnu++0x";
				CLANG_CXX_LIBRARY = "libc++";
				CLANG_ENABLE_MODULES = YES;
				CLANG_ENABLE_OBJC_ARC = YES;
				CLANG_WARN_BOOL_CONVERSION = YES;
				CLANG_WARN_CONSTANT_CONVERSION = YES;
				CLANG_WARN_DIRECT_OBJC_ISA_USAGE = YES_ERROR;
				CLANG_WARN_EMPTY_BODY = YES;
				CLANG_WARN_ENUM_CONVERSION = YES;
				CLANG_WARN_INT_CONVERSION = YES;
				CLANG_WARN_OBJC_ROOT_CLASS = YES_ERROR;
				CLANG_WARN__DUPLICATE_METHOD_MATCH = YES;
				COPY_PHASE_STRIP = YES;
				DEBUG_INFORMATION_FORMAT = "dwarf-with-dsym";
				ENABLE_NS_ASSERTIONS = NO;
				GCC_C_LANGUAGE_STANDARD = gnu99;
				GCC_ENABLE_OBJC_EXCEPTIONS = YES;
				GCC_WARN_64_TO_32_BIT_CONVERSION = YES;
				GCC_WARN_ABOUT_RETURN_TYPE = YES_ERROR;
				GCC_WARN_UNDECLARED_SELECTOR = YES;
				GCC_WARN_UNINITIALIZED_AUTOS = YES_AGGRESSIVE;
				GCC_WARN_UNUSED_FUNCTION = YES;
				GCC_WARN_UNUSED_VARIABLE = YES;
				MACOSX_DEPLOYMENT_TARGET = 10.9;
				ONLY_ACTIVE_ARCH = YES;
				SDKROOT = macosx;
			};
			name = Release;
		};
		C036C7BF1907C7FE002E8AB9 /* Debug */ = {
			isa = XCBuildConfiguration;
			buildSettings = {
				ASSETCATALOG_COMPILER_APPICON_NAME = AppIcon;
				COMBINE_HIDPI_IMAGES = YES;
				GCC_PRECOMPILE_PREFIX_HEADER = YES;
				GCC_PREFIX_HEADER = "ezject/ezject-Prefix.pch";
				INFOPLIST_FILE = "ezject/ezject-Info.plist";
				PRODUCT_NAME = "$(TARGET_NAME)";
				WRAPPER_EXTENSION = app;
			};
			name = Debug;
		};
		C036C7C01907C7FE002E8AB9 /* Release */ = {
			isa = XCBuildConfiguration;
			buildSettings = {
				ASSETCATALOG_COMPILER_APPICON_NAME = AppIcon;
				COMBINE_HIDPI_IMAGES = YES;
				GCC_PRECOMPILE_PREFIX_HEADER = YES;
				GCC_PREFIX_HEADER = "ezject/ezject-Prefix.pch";
				INFOPLIST_FILE = "ezject/ezject-Info.plist";
				PRODUCT_NAME = "$(TARGET_NAME)";
				WRAPPER_EXTENSION = app;
			};
			name = Release;
		};
/* End XCBuildConfiguration section */

/* Begin XCConfigurationList section */
		C036C7881907C7FE002E8AB9 /* Build configuration list for PBXProject "ezject" */ = {
			isa = XCConfigurationList;
			buildConfigurations = (
				C036C7BC1907C7FE002E8AB9 /* Debug */,
				C036C7BD1907C7FE002E8AB9 /* Release */,
			);
			defaultConfigurationIsVisible = 0;
			defaultConfigurationName = Release;
		};
		C036C7BE1907C7FE002E8AB9 /* Build configuration list for PBXNativeTarget "ezject" */ = {
			isa = XCConfigurationList;
			buildConfigurations = (
				C036C7BF1907C7FE002E8AB9 /* Debug */,
				C036C7C01907C7FE002E8AB9 /* Release */,
			);
			defaultConfigurationIsVisible = 0;
			defaultConfigurationName = Release;
		};
/* End XCConfigurationList section */
	};
	rootObject = C036C7851907C7FE002E8AB9 /* Project object */;
}
